PODS:
  - AFNetworking (3.1.0):
    - AFNetworking/NSURLSession (= 3.1.0)
    - AFNetworking/Reachability (= 3.1.0)
    - AFNetworking/Security (= 3.1.0)
    - AFNetworking/Serialization (= 3.1.0)
    - AFNetworking/UIKit (= 3.1.0)
  - AFNetworking/NSURLSession (3.1.0):
    - AFNetworking/Reachability
    - AFNetworking/Security
    - AFNetworking/Serialization
  - AFNetworking/Reachability (3.1.0)
  - AFNetworking/Security (3.1.0)
  - AFNetworking/Serialization (3.1.0)
  - AFNetworking/UIKit (3.1.0):
    - AFNetworking/NSURLSession
  - SVProgressHUD (2.1.2)
  - Swinject (2.1.0)

DEPENDENCIES:
  - AFNetworking
  - SVProgressHUD
  - Swinject

SPEC CHECKSUMS:
  AFNetworking: 5e0e199f73d8626b11e79750991f5d173d1f8b67
  SVProgressHUD: c404a55d78acbeb7ebb78b76d3faf986475a6994
  Swinject: 85e468ac75c5c2d234076f98c591d57d56bc64bc

PODFILE CHECKSUM: 1f4125ca9ad8704483f8c2a25e56ba390a4cdbc6

COCOAPODS: 1.1.1
