// !$*UTF8*$!
{
	archiveVersion = 1;
	classes = {
	};
	objectVersion = 46;
	objects = {

/* Begin PBXBuildFile section */
		2D8AF06172A7424B053D91F7 /* Pods_TopHubTests.framework in Frameworks */ = {isa = PBXBuildFile; fileRef = 4D5177DCF685861AFD09F4D8 /* Pods_TopHubTests.framework */; };
		7AE346D22AD340330424A9AE /* Pods_TopHub.framework in Frameworks */ = {isa = PBXBuildFile; fileRef = BDE3882AAB441805844AEA12 /* Pods_TopHub.framework */; };
		BC8CE7901F3B075200A0CA60 /* RepositoriesPresenter.swift in Sources */ = {isa = PBXBuildFile; fileRef = BC8CE78E1F3B075200A0CA60 /* RepositoriesPresenter.swift */; };
		BC8CE7911F3B075200A0CA60 /* RepositoriesViewController.swift in Sources */ = {isa = PBXBuildFile; fileRef = BC8CE78F1F3B075200A0CA60 /* RepositoriesViewController.swift */; };
		BC8CE7941F3B075A00A0CA60 /* UsersPresenter.swift in Sources */ = {isa = PBXBuildFile; fileRef = BC8CE7921F3B075A00A0CA60 /* UsersPresenter.swift */; };
		BC8CE7951F3B075A00A0CA60 /* UsersViewController.swift in Sources */ = {isa = PBXBuildFile; fileRef = BC8CE7931F3B075A00A0CA60 /* UsersViewController.swift */; };
		BC8CE79E1F3B093300A0CA60 /* DependencyAssistant.swift in Sources */ = {isa = PBXBuildFile; fileRef = BC8CE79D1F3B093300A0CA60 /* DependencyAssistant.swift */; };
		BC8CE7A01F3B0A2C00A0CA60 /* UsersAssembly.swift in Sources */ = {isa = PBXBuildFile; fileRef = BC8CE79F1F3B0A2C00A0CA60 /* UsersAssembly.swift */; };
		BC8CE7A21F3B12E100A0CA60 /* UserTableViewCell.swift in Sources */ = {isa = PBXBuildFile; fileRef = BC8CE7A11F3B12E100A0CA60 /* UserTableViewCell.swift */; };
		BC8CE7A71F3B1BF800A0CA60 /* UsersService.swift in Sources */ = {isa = PBXBuildFile; fileRef = BC8CE7A61F3B1BF800A0CA60 /* UsersService.swift */; };
		BC8CE7A91F3B1E9500A0CA60 /* NetworkAssistant.swift in Sources */ = {isa = PBXBuildFile; fileRef = BC8CE7A81F3B1E9500A0CA60 /* NetworkAssistant.swift */; };
		BC8CE7AB1F3B21D300A0CA60 /* AlamofireRequestExecutor.swift in Sources */ = {isa = PBXBuildFile; fileRef = BC8CE7AA1F3B21D300A0CA60 /* AlamofireRequestExecutor.swift */; };
		BC8CE7B71F3B27A700A0CA60 /* Repository.swift in Sources */ = {isa = PBXBuildFile; fileRef = BC8CE7B51F3B27A700A0CA60 /* Repository.swift */; };
		BC8CE7B81F3B27A700A0CA60 /* User.swift in Sources */ = {isa = PBXBuildFile; fileRef = BC8CE7B61F3B27A700A0CA60 /* User.swift */; };
		BC8CE7BA1F3B27C700A0CA60 /* FetchUsersInteractor.swift in Sources */ = {isa = PBXBuildFile; fileRef = BC8CE7B91F3B27C700A0CA60 /* FetchUsersInteractor.swift */; };
		BC8CE7BC1F3B27DF00A0CA60 /* FetchRepositoriesInteractor.swift in Sources */ = {isa = PBXBuildFile; fileRef = BC8CE7BB1F3B27DF00A0CA60 /* FetchRepositoriesInteractor.swift */; };
		BC8CE7BE1F3B28D100A0CA60 /* UsersNetworkAssistant.swift in Sources */ = {isa = PBXBuildFile; fileRef = BC8CE7BD1F3B28D100A0CA60 /* UsersNetworkAssistant.swift */; };
		BC8CE7C01F3B39ED00A0CA60 /* NumberOfRepositoriesInteractor.swift in Sources */ = {isa = PBXBuildFile; fileRef = BC8CE7BF1F3B39ED00A0CA60 /* NumberOfRepositoriesInteractor.swift */; };
		BC9A57D11F3B3DC500C1577E /* UIImageView.swift in Sources */ = {isa = PBXBuildFile; fileRef = BC9A57D01F3B3DC500C1577E /* UIImageView.swift */; };
		BC9A57D31F3B3F9B00C1577E /* RepositoriesAssembly.swift in Sources */ = {isa = PBXBuildFile; fileRef = BC9A57D21F3B3F9B00C1577E /* RepositoriesAssembly.swift */; };
		BC9A57DF1F3B45E100C1577E /* FetchUsersInteractorTests.swift in Sources */ = {isa = PBXBuildFile; fileRef = BC9A57DE1F3B45E100C1577E /* FetchUsersInteractorTests.swift */; };
		BC9A57E11F3B45FD00C1577E /* NumberOfRepositoriesInteractorTests.swift in Sources */ = {isa = PBXBuildFile; fileRef = BC9A57E01F3B45FD00C1577E /* NumberOfRepositoriesInteractorTests.swift */; };
		BC9A57E31F3B461E00C1577E /* FetchRepositoriesInteractorTests.swift in Sources */ = {isa = PBXBuildFile; fileRef = BC9A57E21F3B461E00C1577E /* FetchRepositoriesInteractorTests.swift */; };
		BC9A57E51F3B462D00C1577E /* NetworkAssistantTests.swift in Sources */ = {isa = PBXBuildFile; fileRef = BC9A57E41F3B462D00C1577E /* NetworkAssistantTests.swift */; };
		BC9A57E71F3B464500C1577E /* UsersNetworkAssistantTests.swift in Sources */ = {isa = PBXBuildFile; fileRef = BC9A57E61F3B464500C1577E /* UsersNetworkAssistantTests.swift */; };
		BC9A57E91F3B572E00C1577E /* RepositoriesService.swift in Sources */ = {isa = PBXBuildFile; fileRef = BC9A57E81F3B572E00C1577E /* RepositoriesService.swift */; };
		BC9A57EB1F3B58D700C1577E /* RepositoriesNetworkAssistant.swift in Sources */ = {isa = PBXBuildFile; fileRef = BC9A57EA1F3B58D700C1577E /* RepositoriesNetworkAssistant.swift */; };
		BCC025FC1F3B5C5600A2E859 /* RepositoryTableViewCell.swift in Sources */ = {isa = PBXBuildFile; fileRef = BCC025FB1F3B5C5600A2E859 /* RepositoryTableViewCell.swift */; };
		BCC025FE1F3B631300A2E859 /* UITableView.swift in Sources */ = {isa = PBXBuildFile; fileRef = BCC025FD1F3B631300A2E859 /* UITableView.swift */; };
		BCC026001F3B70BD00A2E859 /* UsersAssemblyTests.swift in Sources */ = {isa = PBXBuildFile; fileRef = BCC025FF1F3B70BD00A2E859 /* UsersAssemblyTests.swift */; };
		BCDA1C1E1F3B762F00E0A9C2 /* RepositoriesAssemblyTests.swift in Sources */ = {isa = PBXBuildFile; fileRef = BCDA1C1D1F3B762F00E0A9C2 /* RepositoriesAssemblyTests.swift */; };
		BCDA1C201F3B78B100E0A9C2 /* AlamofireRequestExecutorMock.swift in Sources */ = {isa = PBXBuildFile; fileRef = BCDA1C1F1F3B78B100E0A9C2 /* AlamofireRequestExecutorMock.swift */; };
		BCDA1C221F3B7B8900E0A9C2 /* RepositoriesNetworkAssistantTests.swift in Sources */ = {isa = PBXBuildFile; fileRef = BCDA1C211F3B7B8900E0A9C2 /* RepositoriesNetworkAssistantTests.swift */; };
		BCDA1C251F3BAAA300E0A9C2 /* UITableViewTests.swift in Sources */ = {isa = PBXBuildFile; fileRef = BCDA1C241F3BAAA300E0A9C2 /* UITableViewTests.swift */; };
		BCDA1C271F3BAC7200E0A9C2 /* RepositoriesPresenterTests.swift in Sources */ = {isa = PBXBuildFile; fileRef = BCDA1C261F3BAC7200E0A9C2 /* RepositoriesPresenterTests.swift */; };
		BCDA1C291F3BB46200E0A9C2 /* UsersPresenterTests.swift in Sources */ = {isa = PBXBuildFile; fileRef = BCDA1C281F3BB46200E0A9C2 /* UsersPresenterTests.swift */; };
		BCF7DE3D1F3AFCFD0021FA28 /* AppDelegate.swift in Sources */ = {isa = PBXBuildFile; fileRef = BCF7DE3C1F3AFCFD0021FA28 /* AppDelegate.swift */; };
		BCF7DE731F3B014B0021FA28 /* LaunchScreen.storyboard in Resources */ = {isa = PBXBuildFile; fileRef = BCF7DE711F3B014B0021FA28 /* LaunchScreen.storyboard */; };
		BCF7DE741F3B014B0021FA28 /* Main.storyboard in Resources */ = {isa = PBXBuildFile; fileRef = BCF7DE721F3B014B0021FA28 /* Main.storyboard */; };
/* End PBXBuildFile section */

/* Begin PBXContainerItemProxy section */
		BCF7DE4E1F3AFCFD0021FA28 /* PBXContainerItemProxy */ = {
			isa = PBXContainerItemProxy;
			containerPortal = BCF7DE311F3AFCFD0021FA28 /* Project object */;
			proxyType = 1;
			remoteGlobalIDString = BCF7DE381F3AFCFD0021FA28;
			remoteInfo = TopHub;
		};
/* End PBXContainerItemProxy section */

/* Begin PBXFileReference section */
		4D5177DCF685861AFD09F4D8 /* Pods_TopHubTests.framework */ = {isa = PBXFileReference; explicitFileType = wrapper.framework; includeInIndex = 0; path = Pods_TopHubTests.framework; sourceTree = BUILT_PRODUCTS_DIR; };
		61F94D0AF437240FB6A95241 /* Pods-TopHub.debug.xcconfig */ = {isa = PBXFileReference; includeInIndex = 1; lastKnownFileType = text.xcconfig; name = "Pods-TopHub.debug.xcconfig"; path = "Pods/Target Support Files/Pods-TopHub/Pods-TopHub.debug.xcconfig"; sourceTree = "<group>"; };
		6D866A01E195F75D88FAA0ED /* Pods-TopHubTests.debug.xcconfig */ = {isa = PBXFileReference; includeInIndex = 1; lastKnownFileType = text.xcconfig; name = "Pods-TopHubTests.debug.xcconfig"; path = "Pods/Target Support Files/Pods-TopHubTests/Pods-TopHubTests.debug.xcconfig"; sourceTree = "<group>"; };
		B579E92FD13383073C0328F1 /* Pods-TopHub.release.xcconfig */ = {isa = PBXFileReference; includeInIndex = 1; lastKnownFileType = text.xcconfig; name = "Pods-TopHub.release.xcconfig"; path = "Pods/Target Support Files/Pods-TopHub/Pods-TopHub.release.xcconfig"; sourceTree = "<group>"; };
		BC8CE78E1F3B075200A0CA60 /* RepositoriesPresenter.swift */ = {isa = PBXFileReference; fileEncoding = 4; lastKnownFileType = sourcecode.swift; path = RepositoriesPresenter.swift; sourceTree = "<group>"; };
		BC8CE78F1F3B075200A0CA60 /* RepositoriesViewController.swift */ = {isa = PBXFileReference; fileEncoding = 4; lastKnownFileType = sourcecode.swift; path = RepositoriesViewController.swift; sourceTree = "<group>"; };
		BC8CE7921F3B075A00A0CA60 /* UsersPresenter.swift */ = {isa = PBXFileReference; fileEncoding = 4; lastKnownFileType = sourcecode.swift; path = UsersPresenter.swift; sourceTree = "<group>"; };
		BC8CE7931F3B075A00A0CA60 /* UsersViewController.swift */ = {isa = PBXFileReference; fileEncoding = 4; lastKnownFileType = sourcecode.swift; path = UsersViewController.swift; sourceTree = "<group>"; };
		BC8CE79D1F3B093300A0CA60 /* DependencyAssistant.swift */ = {isa = PBXFileReference; fileEncoding = 4; lastKnownFileType = sourcecode.swift; name = DependencyAssistant.swift; path = DependencyAssistant/DependencyAssistant.swift; sourceTree = "<group>"; };
		BC8CE79F1F3B0A2C00A0CA60 /* UsersAssembly.swift */ = {isa = PBXFileReference; fileEncoding = 4; lastKnownFileType = sourcecode.swift; name = UsersAssembly.swift; path = DependencyAssistant/UsersAssembly.swift; sourceTree = "<group>"; };
		BC8CE7A11F3B12E100A0CA60 /* UserTableViewCell.swift */ = {isa = PBXFileReference; fileEncoding = 4; lastKnownFileType = sourcecode.swift; path = UserTableViewCell.swift; sourceTree = "<group>"; };
		BC8CE7A41F3B172800A0CA60 /* Info.plist */ = {isa = PBXFileReference; fileEncoding = 4; lastKnownFileType = text.plist.xml; path = Info.plist; sourceTree = "<group>"; };
		BC8CE7A61F3B1BF800A0CA60 /* UsersService.swift */ = {isa = PBXFileReference; fileEncoding = 4; lastKnownFileType = sourcecode.swift; name = UsersService.swift; path = Services/UsersService.swift; sourceTree = "<group>"; };
		BC8CE7A81F3B1E9500A0CA60 /* NetworkAssistant.swift */ = {isa = PBXFileReference; fileEncoding = 4; lastKnownFileType = sourcecode.swift; name = NetworkAssistant.swift; path = NetworkAssistant/NetworkAssistant.swift; sourceTree = "<group>"; };
		BC8CE7AA1F3B21D300A0CA60 /* AlamofireRequestExecutor.swift */ = {isa = PBXFileReference; fileEncoding = 4; lastKnownFileType = sourcecode.swift; name = AlamofireRequestExecutor.swift; path = NetworkAssistant/AlamofireRequestExecutor.swift; sourceTree = "<group>"; };
		BC8CE7B51F3B27A700A0CA60 /* Repository.swift */ = {isa = PBXFileReference; fileEncoding = 4; lastKnownFileType = sourcecode.swift; path = Repository.swift; sourceTree = "<group>"; };
		BC8CE7B61F3B27A700A0CA60 /* User.swift */ = {isa = PBXFileReference; fileEncoding = 4; lastKnownFileType = sourcecode.swift; path = User.swift; sourceTree = "<group>"; };
		BC8CE7B91F3B27C700A0CA60 /* FetchUsersInteractor.swift */ = {isa = PBXFileReference; fileEncoding = 4; lastKnownFileType = sourcecode.swift; name = FetchUsersInteractor.swift; path = Users/FetchUsersInteractor.swift; sourceTree = "<group>"; };
		BC8CE7BB1F3B27DF00A0CA60 /* FetchRepositoriesInteractor.swift */ = {isa = PBXFileReference; fileEncoding = 4; lastKnownFileType = sourcecode.swift; name = FetchRepositoriesInteractor.swift; path = Repositories/FetchRepositoriesInteractor.swift; sourceTree = "<group>"; };
		BC8CE7BD1F3B28D100A0CA60 /* UsersNetworkAssistant.swift */ = {isa = PBXFileReference; fileEncoding = 4; lastKnownFileType = sourcecode.swift; name = UsersNetworkAssistant.swift; path = NetworkAssistant/UsersNetworkAssistant.swift; sourceTree = "<group>"; };
		BC8CE7BF1F3B39ED00A0CA60 /* NumberOfRepositoriesInteractor.swift */ = {isa = PBXFileReference; fileEncoding = 4; lastKnownFileType = sourcecode.swift; name = NumberOfRepositoriesInteractor.swift; path = Users/NumberOfRepositoriesInteractor.swift; sourceTree = "<group>"; };
		BC9A57D01F3B3DC500C1577E /* UIImageView.swift */ = {isa = PBXFileReference; fileEncoding = 4; lastKnownFileType = sourcecode.swift; name = UIImageView.swift; path = Utilities/UIImageView.swift; sourceTree = "<group>"; };
		BC9A57D21F3B3F9B00C1577E /* RepositoriesAssembly.swift */ = {isa = PBXFileReference; fileEncoding = 4; lastKnownFileType = sourcecode.swift; name = RepositoriesAssembly.swift; path = DependencyAssistant/RepositoriesAssembly.swift; sourceTree = "<group>"; };
		BC9A57DE1F3B45E100C1577E /* FetchUsersInteractorTests.swift */ = {isa = PBXFileReference; fileEncoding = 4; lastKnownFileType = sourcecode.swift; name = FetchUsersInteractorTests.swift; path = Domain/Users/FetchUsersInteractorTests.swift; sourceTree = "<group>"; };
		BC9A57E01F3B45FD00C1577E /* NumberOfRepositoriesInteractorTests.swift */ = {isa = PBXFileReference; fileEncoding = 4; lastKnownFileType = sourcecode.swift; name = NumberOfRepositoriesInteractorTests.swift; path = Domain/Users/NumberOfRepositoriesInteractorTests.swift; sourceTree = "<group>"; };
		BC9A57E21F3B461E00C1577E /* FetchRepositoriesInteractorTests.swift */ = {isa = PBXFileReference; fileEncoding = 4; lastKnownFileType = sourcecode.swift; name = FetchRepositoriesInteractorTests.swift; path = Domain/Repositories/FetchRepositoriesInteractorTests.swift; sourceTree = "<group>"; };
		BC9A57E41F3B462D00C1577E /* NetworkAssistantTests.swift */ = {isa = PBXFileReference; fileEncoding = 4; lastKnownFileType = sourcecode.swift; name = NetworkAssistantTests.swift; path = NetworkAssistant/NetworkAssistantTests.swift; sourceTree = "<group>"; };
		BC9A57E61F3B464500C1577E /* UsersNetworkAssistantTests.swift */ = {isa = PBXFileReference; fileEncoding = 4; lastKnownFileType = sourcecode.swift; name = UsersNetworkAssistantTests.swift; path = NetworkAssistant/UsersNetworkAssistantTests.swift; sourceTree = "<group>"; };
		BC9A57E81F3B572E00C1577E /* RepositoriesService.swift */ = {isa = PBXFileReference; fileEncoding = 4; lastKnownFileType = sourcecode.swift; name = RepositoriesService.swift; path = Services/RepositoriesService.swift; sourceTree = "<group>"; };
		BC9A57EA1F3B58D700C1577E /* RepositoriesNetworkAssistant.swift */ = {isa = PBXFileReference; fileEncoding = 4; lastKnownFileType = sourcecode.swift; name = RepositoriesNetworkAssistant.swift; path = NetworkAssistant/RepositoriesNetworkAssistant.swift; sourceTree = "<group>"; };
		BCC025FB1F3B5C5600A2E859 /* RepositoryTableViewCell.swift */ = {isa = PBXFileReference; fileEncoding = 4; lastKnownFileType = sourcecode.swift; path = RepositoryTableViewCell.swift; sourceTree = "<group>"; };
		BCC025FD1F3B631300A2E859 /* UITableView.swift */ = {isa = PBXFileReference; fileEncoding = 4; lastKnownFileType = sourcecode.swift; name = UITableView.swift; path = Utilities/UITableView.swift; sourceTree = "<group>"; };
		BCC025FF1F3B70BD00A2E859 /* UsersAssemblyTests.swift */ = {isa = PBXFileReference; fileEncoding = 4; lastKnownFileType = sourcecode.swift; name = UsersAssemblyTests.swift; path = DependencyAssistant/UsersAssemblyTests.swift; sourceTree = "<group>"; };
		BCDA1C1D1F3B762F00E0A9C2 /* RepositoriesAssemblyTests.swift */ = {isa = PBXFileReference; fileEncoding = 4; lastKnownFileType = sourcecode.swift; name = RepositoriesAssemblyTests.swift; path = DependencyAssistant/RepositoriesAssemblyTests.swift; sourceTree = "<group>"; };
		BCDA1C1F1F3B78B100E0A9C2 /* AlamofireRequestExecutorMock.swift */ = {isa = PBXFileReference; fileEncoding = 4; lastKnownFileType = sourcecode.swift; name = AlamofireRequestExecutorMock.swift; path = NetworkAssistant/AlamofireRequestExecutorMock.swift; sourceTree = "<group>"; };
		BCDA1C211F3B7B8900E0A9C2 /* RepositoriesNetworkAssistantTests.swift */ = {isa = PBXFileReference; fileEncoding = 4; lastKnownFileType = sourcecode.swift; name = RepositoriesNetworkAssistantTests.swift; path = NetworkAssistant/RepositoriesNetworkAssistantTests.swift; sourceTree = "<group>"; };
		BCDA1C241F3BAAA300E0A9C2 /* UITableViewTests.swift */ = {isa = PBXFileReference; fileEncoding = 4; lastKnownFileType = sourcecode.swift; name = UITableViewTests.swift; path = Domain/Utilities/UITableViewTests.swift; sourceTree = "<group>"; };
		BCDA1C261F3BAC7200E0A9C2 /* RepositoriesPresenterTests.swift */ = {isa = PBXFileReference; fileEncoding = 4; lastKnownFileType = sourcecode.swift; name = RepositoriesPresenterTests.swift; path = UI/Repositories/RepositoriesPresenterTests.swift; sourceTree = "<group>"; };
		BCDA1C281F3BB46200E0A9C2 /* UsersPresenterTests.swift */ = {isa = PBXFileReference; fileEncoding = 4; lastKnownFileType = sourcecode.swift; name = UsersPresenterTests.swift; path = UI/Users/UsersPresenterTests.swift; sourceTree = "<group>"; };
		BCF7DE391F3AFCFD0021FA28 /* TopHub.app */ = {isa = PBXFileReference; explicitFileType = wrapper.application; includeInIndex = 0; path = TopHub.app; sourceTree = BUILT_PRODUCTS_DIR; };
		BCF7DE3C1F3AFCFD0021FA28 /* AppDelegate.swift */ = {isa = PBXFileReference; lastKnownFileType = sourcecode.swift; path = AppDelegate.swift; sourceTree = "<group>"; };
		BCF7DE4D1F3AFCFD0021FA28 /* TopHubTests.xctest */ = {isa = PBXFileReference; explicitFileType = wrapper.cfbundle; includeInIndex = 0; path = TopHubTests.xctest; sourceTree = BUILT_PRODUCTS_DIR; };
		BCF7DE531F3AFCFD0021FA28 /* Info.plist */ = {isa = PBXFileReference; lastKnownFileType = text.plist.xml; path = Info.plist; sourceTree = "<group>"; };
		BCF7DE5E1F3AFCFD0021FA28 /* Info.plist */ = {isa = PBXFileReference; lastKnownFileType = text.plist.xml; path = Info.plist; sourceTree = "<group>"; };
		BCF7DE711F3B014B0021FA28 /* LaunchScreen.storyboard */ = {isa = PBXFileReference; fileEncoding = 4; lastKnownFileType = file.storyboard; name = LaunchScreen.storyboard; path = Storyboards/LaunchScreen.storyboard; sourceTree = "<group>"; };
		BCF7DE721F3B014B0021FA28 /* Main.storyboard */ = {isa = PBXFileReference; fileEncoding = 4; lastKnownFileType = file.storyboard; name = Main.storyboard; path = Storyboards/Main.storyboard; sourceTree = "<group>"; };
		BDE3882AAB441805844AEA12 /* Pods_TopHub.framework */ = {isa = PBXFileReference; explicitFileType = wrapper.framework; includeInIndex = 0; path = Pods_TopHub.framework; sourceTree = BUILT_PRODUCTS_DIR; };
		F80A8734401BF291492E37F6 /* Pods-TopHubTests.release.xcconfig */ = {isa = PBXFileReference; includeInIndex = 1; lastKnownFileType = text.xcconfig; name = "Pods-TopHubTests.release.xcconfig"; path = "Pods/Target Support Files/Pods-TopHubTests/Pods-TopHubTests.release.xcconfig"; sourceTree = "<group>"; };
/* End PBXFileReference section */

/* Begin PBXFrameworksBuildPhase section */
		BCF7DE361F3AFCFD0021FA28 /* Frameworks */ = {
			isa = PBXFrameworksBuildPhase;
			buildActionMask = 2147483647;
			files = (
				7AE346D22AD340330424A9AE /* Pods_TopHub.framework in Frameworks */,
			);
			runOnlyForDeploymentPostprocessing = 0;
		};
		BCF7DE4A1F3AFCFD0021FA28 /* Frameworks */ = {
			isa = PBXFrameworksBuildPhase;
			buildActionMask = 2147483647;
			files = (
				2D8AF06172A7424B053D91F7 /* Pods_TopHubTests.framework in Frameworks */,
			);
			runOnlyForDeploymentPostprocessing = 0;
		};
/* End PBXFrameworksBuildPhase section */

/* Begin PBXGroup section */
		42C045175675306FF3400FF9 /* Pods */ = {
			isa = PBXGroup;
			children = (
				61F94D0AF437240FB6A95241 /* Pods-TopHub.debug.xcconfig */,
				B579E92FD13383073C0328F1 /* Pods-TopHub.release.xcconfig */,
				6D866A01E195F75D88FAA0ED /* Pods-TopHubTests.debug.xcconfig */,
				F80A8734401BF291492E37F6 /* Pods-TopHubTests.release.xcconfig */,
			);
			name = Pods;
			sourceTree = "<group>";
		};
		781B07A92114589623086BA1 /* Frameworks */ = {
			isa = PBXGroup;
			children = (
				BDE3882AAB441805844AEA12 /* Pods_TopHub.framework */,
				4D5177DCF685861AFD09F4D8 /* Pods_TopHubTests.framework */,
			);
			name = Frameworks;
			sourceTree = "<group>";
		};
		BC8CE78C1F3B073400A0CA60 /* Users */ = {
			isa = PBXGroup;
			children = (
				BC8CE7921F3B075A00A0CA60 /* UsersPresenter.swift */,
				BC8CE7931F3B075A00A0CA60 /* UsersViewController.swift */,
				BC8CE7A11F3B12E100A0CA60 /* UserTableViewCell.swift */,
			);
			path = Users;
			sourceTree = "<group>";
		};
		BC8CE78D1F3B073E00A0CA60 /* Repositories */ = {
			isa = PBXGroup;
			children = (
				BC8CE78E1F3B075200A0CA60 /* RepositoriesPresenter.swift */,
				BC8CE78F1F3B075200A0CA60 /* RepositoriesViewController.swift */,
				BCC025FB1F3B5C5600A2E859 /* RepositoryTableViewCell.swift */,
			);
			path = Repositories;
			sourceTree = "<group>";
		};
		BC8CE7961F3B085700A0CA60 /* Domain */ = {
			isa = PBXGroup;
			children = (
				BC8CE7AE1F3B272F00A0CA60 /* Repositories */,
				BC8CE7AD1F3B272500A0CA60 /* Users */,
				BC8CE7AC1F3B271E00A0CA60 /* Entities */,
				BC9A57CF1F3B3DA600C1577E /* Utilities */,
			);
			path = Domain;
			sourceTree = "<group>";
		};
		BC8CE7A31F3B170600A0CA60 /* SupportingFiles */ = {
			isa = PBXGroup;
			children = (
				BC8CE7A41F3B172800A0CA60 /* Info.plist */,
			);
			path = SupportingFiles;
			sourceTree = "<group>";
		};
		BC8CE7AC1F3B271E00A0CA60 /* Entities */ = {
			isa = PBXGroup;
			children = (
				BC8CE7B51F3B27A700A0CA60 /* Repository.swift */,
				BC8CE7B61F3B27A700A0CA60 /* User.swift */,
			);
			path = Entities;
			sourceTree = "<group>";
		};
		BC8CE7AD1F3B272500A0CA60 /* Users */ = {
			isa = PBXGroup;
			children = (
				BC8CE7B91F3B27C700A0CA60 /* FetchUsersInteractor.swift */,
				BC8CE7BF1F3B39ED00A0CA60 /* NumberOfRepositoriesInteractor.swift */,
			);
			name = Users;
			sourceTree = "<group>";
		};
		BC8CE7AE1F3B272F00A0CA60 /* Repositories */ = {
			isa = PBXGroup;
			children = (
				BC8CE7BB1F3B27DF00A0CA60 /* FetchRepositoriesInteractor.swift */,
			);
			name = Repositories;
			sourceTree = "<group>";
		};
		BC9A57CF1F3B3DA600C1577E /* Utilities */ = {
			isa = PBXGroup;
			children = (
				BC9A57D01F3B3DC500C1577E /* UIImageView.swift */,
				BCC025FD1F3B631300A2E859 /* UITableView.swift */,
			);
			name = Utilities;
			sourceTree = "<group>";
		};
		BC9A57D41F3B453900C1577E /* Domain */ = {
			isa = PBXGroup;
			children = (
				BCDA1C231F3BAA8B00E0A9C2 /* Utilities */,
				BC9A57DB1F3B459700C1577E /* Users */,
				BC9A57DA1F3B459000C1577E /* Repositories */,
			);
			name = Domain;
			sourceTree = "<group>";
		};
		BC9A57D51F3B453E00C1577E /* NetworkAssistant */ = {
			isa = PBXGroup;
			children = (
				BC9A57E41F3B462D00C1577E /* NetworkAssistantTests.swift */,
				BC9A57E61F3B464500C1577E /* UsersNetworkAssistantTests.swift */,
				BCDA1C211F3B7B8900E0A9C2 /* RepositoriesNetworkAssistantTests.swift */,
				BCDA1C1F1F3B78B100E0A9C2 /* AlamofireRequestExecutorMock.swift */,
			);
			name = NetworkAssistant;
			sourceTree = "<group>";
		};
		BC9A57D61F3B454900C1577E /* UI */ = {
			isa = PBXGroup;
			children = (
				BC9A57D81F3B457200C1577E /* Repositories */,
				BC9A57D91F3B457800C1577E /* Users */,
			);
			name = UI;
			sourceTree = "<group>";
		};
		BC9A57D71F3B454E00C1577E /* DependencyAssistant */ = {
			isa = PBXGroup;
			children = (
				BCC025FF1F3B70BD00A2E859 /* UsersAssemblyTests.swift */,
				BCDA1C1D1F3B762F00E0A9C2 /* RepositoriesAssemblyTests.swift */,
			);
			name = DependencyAssistant;
			sourceTree = "<group>";
		};
		BC9A57D81F3B457200C1577E /* Repositories */ = {
			isa = PBXGroup;
			children = (
				BCDA1C261F3BAC7200E0A9C2 /* RepositoriesPresenterTests.swift */,
			);
			name = Repositories;
			sourceTree = "<group>";
		};
		BC9A57D91F3B457800C1577E /* Users */ = {
			isa = PBXGroup;
			children = (
				BCDA1C281F3BB46200E0A9C2 /* UsersPresenterTests.swift */,
			);
			name = Users;
			sourceTree = "<group>";
		};
		BC9A57DA1F3B459000C1577E /* Repositories */ = {
			isa = PBXGroup;
			children = (
				BC9A57E21F3B461E00C1577E /* FetchRepositoriesInteractorTests.swift */,
			);
			name = Repositories;
			sourceTree = "<group>";
		};
		BC9A57DB1F3B459700C1577E /* Users */ = {
			isa = PBXGroup;
			children = (
				BC9A57DE1F3B45E100C1577E /* FetchUsersInteractorTests.swift */,
				BC9A57E01F3B45FD00C1577E /* NumberOfRepositoriesInteractorTests.swift */,
			);
			name = Users;
			sourceTree = "<group>";
		};
		BCDA1C231F3BAA8B00E0A9C2 /* Utilities */ = {
			isa = PBXGroup;
			children = (
				BCDA1C241F3BAAA300E0A9C2 /* UITableViewTests.swift */,
			);
			name = Utilities;
			sourceTree = "<group>";
		};
		BCF7DE301F3AFCFD0021FA28 = {
			isa = PBXGroup;
			children = (
				BCF7DE3B1F3AFCFD0021FA28 /* TopHub */,
				BCF7DE501F3AFCFD0021FA28 /* TopHubTests */,
				BCF7DE5B1F3AFCFD0021FA28 /* TopHubUITests */,
				BCF7DE3A1F3AFCFD0021FA28 /* Products */,
				42C045175675306FF3400FF9 /* Pods */,
				781B07A92114589623086BA1 /* Frameworks */,
			);
			sourceTree = "<group>";
		};
		BCF7DE3A1F3AFCFD0021FA28 /* Products */ = {
			isa = PBXGroup;
			children = (
				BCF7DE391F3AFCFD0021FA28 /* TopHub.app */,
				BCF7DE4D1F3AFCFD0021FA28 /* TopHubTests.xctest */,
			);
			name = Products;
			sourceTree = "<group>";
		};
		BCF7DE3B1F3AFCFD0021FA28 /* TopHub */ = {
			isa = PBXGroup;
			children = (
				BCF7DE3C1F3AFCFD0021FA28 /* AppDelegate.swift */,
				BC8CE7961F3B085700A0CA60 /* Domain */,
				BCF7DE701F3B01200021FA28 /* Storyboards */,
				BCF7DE6F1F3B011A0021FA28 /* Services */,
				BCF7DE6D1F3B009A0021FA28 /* NetworkAssistant */,
				BCF7DE6B1F3B006F0021FA28 /* DependencyAssistant */,
				BCF7DE6A1F3B00670021FA28 /* UI */,
				BC8CE7A31F3B170600A0CA60 /* SupportingFiles */,
			);
			path = TopHub;
			sourceTree = "<group>";
		};
		BCF7DE501F3AFCFD0021FA28 /* TopHubTests */ = {
			isa = PBXGroup;
			children = (
				BC9A57D71F3B454E00C1577E /* DependencyAssistant */,
				BC9A57D61F3B454900C1577E /* UI */,
				BC9A57D51F3B453E00C1577E /* NetworkAssistant */,
				BC9A57D41F3B453900C1577E /* Domain */,
				BCF7DE531F3AFCFD0021FA28 /* Info.plist */,
			);
			path = TopHubTests;
			sourceTree = "<group>";
		};
		BCF7DE5B1F3AFCFD0021FA28 /* TopHubUITests */ = {
			isa = PBXGroup;
			children = (
				BCF7DE5E1F3AFCFD0021FA28 /* Info.plist */,
			);
			path = TopHubUITests;
			sourceTree = "<group>";
		};
		BCF7DE6A1F3B00670021FA28 /* UI */ = {
			isa = PBXGroup;
			children = (
				BC8CE78D1F3B073E00A0CA60 /* Repositories */,
				BC8CE78C1F3B073400A0CA60 /* Users */,
			);
			path = UI;
			sourceTree = "<group>";
		};
		BCF7DE6B1F3B006F0021FA28 /* DependencyAssistant */ = {
			isa = PBXGroup;
			children = (
				BC8CE79D1F3B093300A0CA60 /* DependencyAssistant.swift */,
				BC8CE79F1F3B0A2C00A0CA60 /* UsersAssembly.swift */,
				BC9A57D21F3B3F9B00C1577E /* RepositoriesAssembly.swift */,
			);
			name = DependencyAssistant;
			sourceTree = "<group>";
		};
		BCF7DE6D1F3B009A0021FA28 /* NetworkAssistant */ = {
			isa = PBXGroup;
			children = (
				BC8CE7A81F3B1E9500A0CA60 /* NetworkAssistant.swift */,
				BC8CE7BD1F3B28D100A0CA60 /* UsersNetworkAssistant.swift */,
				BC9A57EA1F3B58D700C1577E /* RepositoriesNetworkAssistant.swift */,
				BC8CE7AA1F3B21D300A0CA60 /* AlamofireRequestExecutor.swift */,
			);
			name = NetworkAssistant;
			sourceTree = "<group>";
		};
		BCF7DE6F1F3B011A0021FA28 /* Services */ = {
			isa = PBXGroup;
			children = (
				BC8CE7A61F3B1BF800A0CA60 /* UsersService.swift */,
				BC9A57E81F3B572E00C1577E /* RepositoriesService.swift */,
			);
			name = Services;
			sourceTree = "<group>";
		};
		BCF7DE701F3B01200021FA28 /* Storyboards */ = {
			isa = PBXGroup;
			children = (
				BCF7DE711F3B014B0021FA28 /* LaunchScreen.storyboard */,
				BCF7DE721F3B014B0021FA28 /* Main.storyboard */,
			);
			name = Storyboards;
			sourceTree = "<group>";
		};
/* End PBXGroup section */

/* Begin PBXNativeTarget section */
		BCF7DE381F3AFCFD0021FA28 /* TopHub */ = {
			isa = PBXNativeTarget;
			buildConfigurationList = BCF7DE611F3AFCFD0021FA28 /* Build configuration list for PBXNativeTarget "TopHub" */;
			buildPhases = (
				53CEC79F4BE42A29E63759E0 /* [CP] Check Pods Manifest.lock */,
				BCF7DE351F3AFCFD0021FA28 /* Sources */,
				BCF7DE361F3AFCFD0021FA28 /* Frameworks */,
				BCF7DE371F3AFCFD0021FA28 /* Resources */,
				B48062A506D62B0B95264717 /* [CP] Embed Pods Frameworks */,
				40AA7FE74ABEAEB0E4BAC9AA /* [CP] Copy Pods Resources */,
			);
			buildRules = (
			);
			dependencies = (
			);
			name = TopHub;
			productName = TopHub;
			productReference = BCF7DE391F3AFCFD0021FA28 /* TopHub.app */;
			productType = "com.apple.product-type.application";
		};
		BCF7DE4C1F3AFCFD0021FA28 /* TopHubTests */ = {
			isa = PBXNativeTarget;
			buildConfigurationList = BCF7DE641F3AFCFD0021FA28 /* Build configuration list for PBXNativeTarget "TopHubTests" */;
			buildPhases = (
				08AE2C9D99147287C7C94583 /* [CP] Check Pods Manifest.lock */,
				BCF7DE491F3AFCFD0021FA28 /* Sources */,
				BCF7DE4A1F3AFCFD0021FA28 /* Frameworks */,
				BCF7DE4B1F3AFCFD0021FA28 /* Resources */,
				841372266EAFE93006945D69 /* [CP] Embed Pods Frameworks */,
				B59601F9A48398836479B4C6 /* [CP] Copy Pods Resources */,
			);
			buildRules = (
			);
			dependencies = (
				BCF7DE4F1F3AFCFD0021FA28 /* PBXTargetDependency */,
			);
			name = TopHubTests;
			productName = TopHubTests;
			productReference = BCF7DE4D1F3AFCFD0021FA28 /* TopHubTests.xctest */;
			productType = "com.apple.product-type.bundle.unit-test";
		};
/* End PBXNativeTarget section */

/* Begin PBXProject section */
		BCF7DE311F3AFCFD0021FA28 /* Project object */ = {
			isa = PBXProject;
			attributes = {
				LastSwiftUpdateCheck = 0830;
				LastUpgradeCheck = 0830;
				ORGANIZATIONNAME = "Bartłomiej Semańczyk";
				TargetAttributes = {
					BCF7DE381F3AFCFD0021FA28 = {
						CreatedOnToolsVersion = 8.3.3;
						DevelopmentTeam = J8AS95NKP2;
						ProvisioningStyle = Manual;
					};
					BCF7DE4C1F3AFCFD0021FA28 = {
						CreatedOnToolsVersion = 8.3.3;
						DevelopmentTeam = J8AS95NKP2;
						LastSwiftMigration = 0830;
						ProvisioningStyle = Automatic;
						TestTargetID = BCF7DE381F3AFCFD0021FA28;
					};
				};
			};
			buildConfigurationList = BCF7DE341F3AFCFD0021FA28 /* Build configuration list for PBXProject "TopHub" */;
			compatibilityVersion = "Xcode 3.2";
			developmentRegion = English;
			hasScannedForEncodings = 0;
			knownRegions = (
				en,
				Base,
			);
			mainGroup = BCF7DE301F3AFCFD0021FA28;
			productRefGroup = BCF7DE3A1F3AFCFD0021FA28 /* Products */;
			projectDirPath = "";
			projectRoot = "";
			targets = (
				BCF7DE381F3AFCFD0021FA28 /* TopHub */,
				BCF7DE4C1F3AFCFD0021FA28 /* TopHubTests */,
			);
		};
/* End PBXProject section */

/* Begin PBXResourcesBuildPhase section */
		BCF7DE371F3AFCFD0021FA28 /* Resources */ = {
			isa = PBXResourcesBuildPhase;
			buildActionMask = 2147483647;
			files = (
				BCF7DE731F3B014B0021FA28 /* LaunchScreen.storyboard in Resources */,
				BCF7DE741F3B014B0021FA28 /* Main.storyboard in Resources */,
			);
			runOnlyForDeploymentPostprocessing = 0;
		};
		BCF7DE4B1F3AFCFD0021FA28 /* Resources */ = {
			isa = PBXResourcesBuildPhase;
			buildActionMask = 2147483647;
			files = (
			);
			runOnlyForDeploymentPostprocessing = 0;
		};
/* End PBXResourcesBuildPhase section */

/* Begin PBXShellScriptBuildPhase section */
		08AE2C9D99147287C7C94583 /* [CP] Check Pods Manifest.lock */ = {
			isa = PBXShellScriptBuildPhase;
			buildActionMask = 2147483647;
			files = (
			);
			inputPaths = (
			);
			name = "[CP] Check Pods Manifest.lock";
			outputPaths = (
			);
			runOnlyForDeploymentPostprocessing = 0;
			shellPath = /bin/sh;
			shellScript = "diff \"${PODS_ROOT}/../Podfile.lock\" \"${PODS_ROOT}/Manifest.lock\" > /dev/null\nif [ $? != 0 ] ; then\n    # print error to STDERR\n    echo \"error: The sandbox is not in sync with the Podfile.lock. Run 'pod install' or update your CocoaPods installation.\" >&2\n    exit 1\nfi\n";
			showEnvVarsInLog = 0;
		};
		40AA7FE74ABEAEB0E4BAC9AA /* [CP] Copy Pods Resources */ = {
			isa = PBXShellScriptBuildPhase;
			buildActionMask = 2147483647;
			files = (
			);
			inputPaths = (
			);
			name = "[CP] Copy Pods Resources";
			outputPaths = (
			);
			runOnlyForDeploymentPostprocessing = 0;
			shellPath = /bin/sh;
			shellScript = "\"${SRCROOT}/Pods/Target Support Files/Pods-TopHub/Pods-TopHub-resources.sh\"\n";
			showEnvVarsInLog = 0;
		};
		53CEC79F4BE42A29E63759E0 /* [CP] Check Pods Manifest.lock */ = {
			isa = PBXShellScriptBuildPhase;
			buildActionMask = 2147483647;
			files = (
			);
			inputPaths = (
			);
			name = "[CP] Check Pods Manifest.lock";
			outputPaths = (
			);
			runOnlyForDeploymentPostprocessing = 0;
			shellPath = /bin/sh;
			shellScript = "diff \"${PODS_ROOT}/../Podfile.lock\" \"${PODS_ROOT}/Manifest.lock\" > /dev/null\nif [ $? != 0 ] ; then\n    # print error to STDERR\n    echo \"error: The sandbox is not in sync with the Podfile.lock. Run 'pod install' or update your CocoaPods installation.\" >&2\n    exit 1\nfi\n";
			showEnvVarsInLog = 0;
		};
		841372266EAFE93006945D69 /* [CP] Embed Pods Frameworks */ = {
			isa = PBXShellScriptBuildPhase;
			buildActionMask = 2147483647;
			files = (
			);
			inputPaths = (
			);
			name = "[CP] Embed Pods Frameworks";
			outputPaths = (
			);
			runOnlyForDeploymentPostprocessing = 0;
			shellPath = /bin/sh;
			shellScript = "\"${SRCROOT}/Pods/Target Support Files/Pods-TopHubTests/Pods-TopHubTests-frameworks.sh\"\n";
			showEnvVarsInLog = 0;
		};
		B48062A506D62B0B95264717 /* [CP] Embed Pods Frameworks */ = {
			isa = PBXShellScriptBuildPhase;
			buildActionMask = 2147483647;
			files = (
			);
			inputPaths = (
			);
			name = "[CP] Embed Pods Frameworks";
			outputPaths = (
			);
			runOnlyForDeploymentPostprocessing = 0;
			shellPath = /bin/sh;
			shellScript = "\"${SRCROOT}/Pods/Target Support Files/Pods-TopHub/Pods-TopHub-frameworks.sh\"\n";
			showEnvVarsInLog = 0;
		};
		B59601F9A48398836479B4C6 /* [CP] Copy Pods Resources */ = {
			isa = PBXShellScriptBuildPhase;
			buildActionMask = 2147483647;
			files = (
			);
			inputPaths = (
			);
			name = "[CP] Copy Pods Resources";
			outputPaths = (
			);
			runOnlyForDeploymentPostprocessing = 0;
			shellPath = /bin/sh;
			shellScript = "\"${SRCROOT}/Pods/Target Support Files/Pods-TopHubTests/Pods-TopHubTests-resources.sh\"\n";
			showEnvVarsInLog = 0;
		};
/* End PBXShellScriptBuildPhase section */

/* Begin PBXSourcesBuildPhase section */
		BCF7DE351F3AFCFD0021FA28 /* Sources */ = {
			isa = PBXSourcesBuildPhase;
			buildActionMask = 2147483647;
			files = (
				BC8CE7B81F3B27A700A0CA60 /* User.swift in Sources */,
				BC8CE7A71F3B1BF800A0CA60 /* UsersService.swift in Sources */,
				BC8CE7AB1F3B21D300A0CA60 /* AlamofireRequestExecutor.swift in Sources */,
				BC8CE7A01F3B0A2C00A0CA60 /* UsersAssembly.swift in Sources */,
				BC8CE7BA1F3B27C700A0CA60 /* FetchUsersInteractor.swift in Sources */,
				BC8CE7911F3B075200A0CA60 /* RepositoriesViewController.swift in Sources */,
				BC9A57D31F3B3F9B00C1577E /* RepositoriesAssembly.swift in Sources */,
				BCF7DE3D1F3AFCFD0021FA28 /* AppDelegate.swift in Sources */,
				BC8CE7C01F3B39ED00A0CA60 /* NumberOfRepositoriesInteractor.swift in Sources */,
				BC8CE7A91F3B1E9500A0CA60 /* NetworkAssistant.swift in Sources */,
				BC8CE7A21F3B12E100A0CA60 /* UserTableViewCell.swift in Sources */,
				BC9A57EB1F3B58D700C1577E /* RepositoriesNetworkAssistant.swift in Sources */,
				BC9A57D11F3B3DC500C1577E /* UIImageView.swift in Sources */,
				BC8CE7951F3B075A00A0CA60 /* UsersViewController.swift in Sources */,
				BC8CE79E1F3B093300A0CA60 /* DependencyAssistant.swift in Sources */,
				BC8CE7BC1F3B27DF00A0CA60 /* FetchRepositoriesInteractor.swift in Sources */,
				BC8CE7BE1F3B28D100A0CA60 /* UsersNetworkAssistant.swift in Sources */,
				BCC025FC1F3B5C5600A2E859 /* RepositoryTableViewCell.swift in Sources */,
				BCC025FE1F3B631300A2E859 /* UITableView.swift in Sources */,
				BC8CE7901F3B075200A0CA60 /* RepositoriesPresenter.swift in Sources */,
				BC9A57E91F3B572E00C1577E /* RepositoriesService.swift in Sources */,
				BC8CE7941F3B075A00A0CA60 /* UsersPresenter.swift in Sources */,
				BC8CE7B71F3B27A700A0CA60 /* Repository.swift in Sources */,
			);
			runOnlyForDeploymentPostprocessing = 0;
		};
		BCF7DE491F3AFCFD0021FA28 /* Sources */ = {
			isa = PBXSourcesBuildPhase;
			buildActionMask = 2147483647;
			files = (
				BC9A57E31F3B461E00C1577E /* FetchRepositoriesInteractorTests.swift in Sources */,
				BCDA1C291F3BB46200E0A9C2 /* UsersPresenterTests.swift in Sources */,
				BCC026001F3B70BD00A2E859 /* UsersAssemblyTests.swift in Sources */,
				BC9A57E71F3B464500C1577E /* UsersNetworkAssistantTests.swift in Sources */,
				BCDA1C201F3B78B100E0A9C2 /* AlamofireRequestExecutorMock.swift in Sources */,
				BCDA1C271F3BAC7200E0A9C2 /* RepositoriesPresenterTests.swift in Sources */,
				BCDA1C221F3B7B8900E0A9C2 /* RepositoriesNetworkAssistantTests.swift in Sources */,
				BC9A57E51F3B462D00C1577E /* NetworkAssistantTests.swift in Sources */,
				BCDA1C1E1F3B762F00E0A9C2 /* RepositoriesAssemblyTests.swift in Sources */,
				BCDA1C251F3BAAA300E0A9C2 /* UITableViewTests.swift in Sources */,
				BC9A57E11F3B45FD00C1577E /* NumberOfRepositoriesInteractorTests.swift in Sources */,
				BC9A57DF1F3B45E100C1577E /* FetchUsersInteractorTests.swift in Sources */,
			);
			runOnlyForDeploymentPostprocessing = 0;
		};
/* End PBXSourcesBuildPhase section */

/* Begin PBXTargetDependency section */
		BCF7DE4F1F3AFCFD0021FA28 /* PBXTargetDependency */ = {
			isa = PBXTargetDependency;
			target = BCF7DE381F3AFCFD0021FA28 /* TopHub */;
			targetProxy = BCF7DE4E1F3AFCFD0021FA28 /* PBXContainerItemProxy */;
		};
/* End PBXTargetDependency section */

/* Begin XCBuildConfiguration section */
		BCF7DE5F1F3AFCFD0021FA28 /* Debug */ = {
			isa = XCBuildConfiguration;
			buildSettings = {
				ALWAYS_SEARCH_USER_PATHS = NO;
				CLANG_ANALYZER_NONNULL = YES;
				CLANG_ANALYZER_NUMBER_OBJECT_CONVERSION = YES_AGGRESSIVE;
				CLANG_CXX_LANGUAGE_STANDARD = "gnu++0x";
				CLANG_CXX_LIBRARY = "libc++";
				CLANG_ENABLE_MODULES = YES;
				CLANG_ENABLE_OBJC_ARC = YES;
				CLANG_WARN_BOOL_CONVERSION = YES;
				CLANG_WARN_CONSTANT_CONVERSION = YES;
				CLANG_WARN_DIRECT_OBJC_ISA_USAGE = YES_ERROR;
				CLANG_WARN_DOCUMENTATION_COMMENTS = YES;
				CLANG_WARN_EMPTY_BODY = YES;
				CLANG_WARN_ENUM_CONVERSION = YES;
				CLANG_WARN_INFINITE_RECURSION = YES;
				CLANG_WARN_INT_CONVERSION = YES;
				CLANG_WARN_OBJC_ROOT_CLASS = YES_ERROR;
				CLANG_WARN_SUSPICIOUS_MOVE = YES;
				CLANG_WARN_UNREACHABLE_CODE = YES;
				CLANG_WARN__DUPLICATE_METHOD_MATCH = YES;
				"CODE_SIGN_IDENTITY[sdk=iphoneos*]" = "iPhone Developer";
				COPY_PHASE_STRIP = NO;
				DEBUG_INFORMATION_FORMAT = dwarf;
				ENABLE_STRICT_OBJC_MSGSEND = YES;
				ENABLE_TESTABILITY = YES;
				GCC_C_LANGUAGE_STANDARD = gnu99;
				GCC_DYNAMIC_NO_PIC = NO;
				GCC_NO_COMMON_BLOCKS = YES;
				GCC_OPTIMIZATION_LEVEL = 0;
				GCC_PREPROCESSOR_DEFINITIONS = (
					"DEBUG=1",
					"$(inherited)",
				);
				GCC_WARN_64_TO_32_BIT_CONVERSION = YES;
				GCC_WARN_ABOUT_RETURN_TYPE = YES_ERROR;
				GCC_WARN_UNDECLARED_SELECTOR = YES;
				GCC_WARN_UNINITIALIZED_AUTOS = YES_AGGRESSIVE;
				GCC_WARN_UNUSED_FUNCTION = YES;
				GCC_WARN_UNUSED_VARIABLE = YES;
				IPHONEOS_DEPLOYMENT_TARGET = 10.3;
				MTL_ENABLE_DEBUG_INFO = YES;
				ONLY_ACTIVE_ARCH = YES;
				SDKROOT = iphoneos;
				SWIFT_ACTIVE_COMPILATION_CONDITIONS = DEBUG;
				SWIFT_OPTIMIZATION_LEVEL = "-Onone";
				TARGETED_DEVICE_FAMILY = "1,2";
			};
			name = Debug;
		};
		BCF7DE601F3AFCFD0021FA28 /* Release */ = {
			isa = XCBuildConfiguration;
			buildSettings = {
				ALWAYS_SEARCH_USER_PATHS = NO;
				CLANG_ANALYZER_NONNULL = YES;
				CLANG_ANALYZER_NUMBER_OBJECT_CONVERSION = YES_AGGRESSIVE;
				CLANG_CXX_LANGUAGE_STANDARD = "gnu++0x";
				CLANG_CXX_LIBRARY = "libc++";
				CLANG_ENABLE_MODULES = YES;
				CLANG_ENABLE_OBJC_ARC = YES;
				CLANG_WARN_BOOL_CONVERSION = YES;
				CLANG_WARN_CONSTANT_CONVERSION = YES;
				CLANG_WARN_DIRECT_OBJC_ISA_USAGE = YES_ERROR;
				CLANG_WARN_DOCUMENTATION_COMMENTS = YES;
				CLANG_WARN_EMPTY_BODY = YES;
				CLANG_WARN_ENUM_CONVERSION = YES;
				CLANG_WARN_INFINITE_RECURSION = YES;
				CLANG_WARN_INT_CONVERSION = YES;
				CLANG_WARN_OBJC_ROOT_CLASS = YES_ERROR;
				CLANG_WARN_SUSPICIOUS_MOVE = YES;
				CLANG_WARN_UNREACHABLE_CODE = YES;
				CLANG_WARN__DUPLICATE_METHOD_MATCH = YES;
				"CODE_SIGN_IDENTITY[sdk=iphoneos*]" = "iPhone Developer";
				COPY_PHASE_STRIP = NO;
				DEBUG_INFORMATION_FORMAT = "dwarf-with-dsym";
				ENABLE_NS_ASSERTIONS = NO;
				ENABLE_STRICT_OBJC_MSGSEND = YES;
				GCC_C_LANGUAGE_STANDARD = gnu99;
				GCC_NO_COMMON_BLOCKS = YES;
				GCC_WARN_64_TO_32_BIT_CONVERSION = YES;
				GCC_WARN_ABOUT_RETURN_TYPE = YES_ERROR;
				GCC_WARN_UNDECLARED_SELECTOR = YES;
				GCC_WARN_UNINITIALIZED_AUTOS = YES_AGGRESSIVE;
				GCC_WARN_UNUSED_FUNCTION = YES;
				GCC_WARN_UNUSED_VARIABLE = YES;
				IPHONEOS_DEPLOYMENT_TARGET = 10.3;
				MTL_ENABLE_DEBUG_INFO = NO;
				SDKROOT = iphoneos;
				SWIFT_OPTIMIZATION_LEVEL = "-Owholemodule";
				TARGETED_DEVICE_FAMILY = "1,2";
				VALIDATE_PRODUCT = YES;
			};
			name = Release;
		};
		BCF7DE621F3AFCFD0021FA28 /* Debug */ = {
			isa = XCBuildConfiguration;
			baseConfigurationReference = 61F94D0AF437240FB6A95241 /* Pods-TopHub.debug.xcconfig */;
			buildSettings = {
				ASSETCATALOG_COMPILER_LAUNCHIMAGE_NAME = LaunchImage;
				BASE_URL = "https://api.github.com/";
				DEVELOPMENT_TEAM = J8AS95NKP2;
				INFOPLIST_FILE = "$(SRCROOT)/TopHub/SupportingFiles/Info.plist";
				IPHONEOS_DEPLOYMENT_TARGET = 9.0;
				LD_RUNPATH_SEARCH_PATHS = "$(inherited) @executable_path/Frameworks";
				PRODUCT_BUNDLE_IDENTIFIER = pl.blueworld.tophub.tophub;
				PRODUCT_NAME = "$(TARGET_NAME)";
				PROVISIONING_PROFILE = "14b11e8f-45d6-462d-b375-a75cf36e2228";
				PROVISIONING_PROFILE_SPECIFIER = "Universal App Development";
				SWIFT_VERSION = 3.0;
			};
			name = Debug;
		};
		BCF7DE631F3AFCFD0021FA28 /* Release */ = {
			isa = XCBuildConfiguration;
			baseConfigurationReference = B579E92FD13383073C0328F1 /* Pods-TopHub.release.xcconfig */;
			buildSettings = {
				ASSETCATALOG_COMPILER_LAUNCHIMAGE_NAME = LaunchImage;
				BASE_URL = "https://api.github.com/";
				"CODE_SIGN_IDENTITY[sdk=iphoneos*]" = "iPhone Distribution";
				DEVELOPMENT_TEAM = J8AS95NKP2;
				INFOPLIST_FILE = "$(SRCROOT)/TopHub/SupportingFiles/Info.plist";
				IPHONEOS_DEPLOYMENT_TARGET = 9.0;
				LD_RUNPATH_SEARCH_PATHS = "$(inherited) @executable_path/Frameworks";
				PRODUCT_BUNDLE_IDENTIFIER = pl.blueworld.tophub.tophub;
				PRODUCT_NAME = "$(TARGET_NAME)";
				PROVISIONING_PROFILE = "b59ce0ac-f506-479f-87b1-1e6e8406bd56";
				PROVISIONING_PROFILE_SPECIFIER = "Universal App Distribution";
				SWIFT_VERSION = 3.0;
			};
			name = Release;
		};
		BCF7DE651F3AFCFD0021FA28 /* Debug */ = {
			isa = XCBuildConfiguration;
			baseConfigurationReference = 6D866A01E195F75D88FAA0ED /* Pods-TopHubTests.debug.xcconfig */;
			buildSettings = {
				ALWAYS_EMBED_SWIFT_STANDARD_LIBRARIES = YES;
				BUNDLE_LOADER = "$(TEST_HOST)";
				CLANG_ENABLE_MODULES = YES;
				DEVELOPMENT_TEAM = J8AS95NKP2;
				INFOPLIST_FILE = TopHubTests/Info.plist;
				LD_RUNPATH_SEARCH_PATHS = "$(inherited) @executable_path/Frameworks @loader_path/Frameworks";
				PRODUCT_BUNDLE_IDENTIFIER = pl.blueworld.tophub.TopHubTests;
				PRODUCT_NAME = "$(TARGET_NAME)";
				SWIFT_OPTIMIZATION_LEVEL = "-Onone";
				SWIFT_VERSION = 3.0;
				TEST_HOST = "$(BUILT_PRODUCTS_DIR)/TopHub.app/TopHub";
			};
			name = Debug;
		};
		BCF7DE661F3AFCFD0021FA28 /* Release */ = {
			isa = XCBuildConfiguration;
			baseConfigurationReference = F80A8734401BF291492E37F6 /* Pods-TopHubTests.release.xcconfig */;
			buildSettings = {
				ALWAYS_EMBED_SWIFT_STANDARD_LIBRARIES = YES;
				BUNDLE_LOADER = "$(TEST_HOST)";
				CLANG_ENABLE_MODULES = YES;
				DEVELOPMENT_TEAM = J8AS95NKP2;
				INFOPLIST_FILE = TopHubTests/Info.plist;
				LD_RUNPATH_SEARCH_PATHS = "$(inherited) @executable_path/Frameworks @loader_path/Frameworks";
				PRODUCT_BUNDLE_IDENTIFIER = pl.blueworld.tophub.TopHubTests;
				PRODUCT_NAME = "$(TARGET_NAME)";
				SWIFT_VERSION = 3.0;
				TEST_HOST = "$(BUILT_PRODUCTS_DIR)/TopHub.app/TopHub";
			};
			name = Release;
		};
/* End XCBuildConfiguration section */

/* Begin XCConfigurationList section */
		BCF7DE341F3AFCFD0021FA28 /* Build configuration list for PBXProject "TopHub" */ = {
			isa = XCConfigurationList;
			buildConfigurations = (
				BCF7DE5F1F3AFCFD0021FA28 /* Debug */,
				BCF7DE601F3AFCFD0021FA28 /* Release */,
			);
			defaultConfigurationIsVisible = 0;
			defaultConfigurationName = Release;
		};
		BCF7DE611F3AFCFD0021FA28 /* Build configuration list for PBXNativeTarget "TopHub" */ = {
			isa = XCConfigurationList;
			buildConfigurations = (
				BCF7DE621F3AFCFD0021FA28 /* Debug */,
				BCF7DE631F3AFCFD0021FA28 /* Release */,
			);
			defaultConfigurationIsVisible = 0;
			defaultConfigurationName = Release;
		};
		BCF7DE641F3AFCFD0021FA28 /* Build configuration list for PBXNativeTarget "TopHubTests" */ = {
			isa = XCConfigurationList;
			buildConfigurations = (
				BCF7DE651F3AFCFD0021FA28 /* Debug */,
				BCF7DE661F3AFCFD0021FA28 /* Release */,
			);
			defaultConfigurationIsVisible = 0;
			defaultConfigurationName = Release;
		};
/* End XCConfigurationList section */
	};
	rootObject = BCF7DE311F3AFCFD0021FA28 /* Project object */;
}
